// !$*UTF8*$!
{
	archiveVersion = 1;
	classes = {
	};
	objectVersion = 46;
	objects = {

/* Begin PBXBuildFile section */
		213827DB19C10E4500729E02 /* Foundation.framework in Frameworks */ = {isa = PBXBuildFile; fileRef = 213827DA19C10E4500729E02 /* Foundation.framework */; };
		213827DD19C10E4500729E02 /* CoreGraphics.framework in Frameworks */ = {isa = PBXBuildFile; fileRef = 213827DC19C10E4500729E02 /* CoreGraphics.framework */; };
		213827DF19C10E4500729E02 /* UIKit.framework in Frameworks */ = {isa = PBXBuildFile; fileRef = 213827DE19C10E4500729E02 /* UIKit.framework */; };
		213827E519C10E4500729E02 /* InfoPlist.strings in Resources */ = {isa = PBXBuildFile; fileRef = 213827E319C10E4500729E02 /* InfoPlist.strings */; };
		213827E719C10E4500729E02 /* main.m in Sources */ = {isa = PBXBuildFile; fileRef = 213827E619C10E4500729E02 /* main.m */; };
		213827EB19C10E4500729E02 /* AppDelegate.m in Sources */ = {isa = PBXBuildFile; fileRef = 213827EA19C10E4500729E02 /* AppDelegate.m */; };
		213827ED19C10E4500729E02 /* Images.xcassets in Resources */ = {isa = PBXBuildFile; fileRef = 213827EC19C10E4500729E02 /* Images.xcassets */; };
		213827F419C10E4600729E02 /* XCTest.framework in Frameworks */ = {isa = PBXBuildFile; fileRef = 213827F319C10E4600729E02 /* XCTest.framework */; };
		213827F519C10E4600729E02 /* Foundation.framework in Frameworks */ = {isa = PBXBuildFile; fileRef = 213827DA19C10E4500729E02 /* Foundation.framework */; };
		213827F619C10E4600729E02 /* UIKit.framework in Frameworks */ = {isa = PBXBuildFile; fileRef = 213827DE19C10E4500729E02 /* UIKit.framework */; };
		213827FE19C10E4600729E02 /* InfoPlist.strings in Resources */ = {isa = PBXBuildFile; fileRef = 213827FC19C10E4600729E02 /* InfoPlist.strings */; };
		2138280019C10E4600729E02 /* CompassionTests.m in Sources */ = {isa = PBXBuildFile; fileRef = 213827FF19C10E4600729E02 /* CompassionTests.m */; };
/* End PBXBuildFile section */

/* Begin PBXContainerItemProxy section */
		213827F719C10E4600729E02 /* PBXContainerItemProxy */ = {
			isa = PBXContainerItemProxy;
			containerPortal = 213827CF19C10E4500729E02 /* Project object */;
			proxyType = 1;
			remoteGlobalIDString = 213827D619C10E4500729E02;
			remoteInfo = Compassion;
		};
/* End PBXContainerItemProxy section */

/* Begin PBXFileReference section */
		213827D719C10E4500729E02 /* Compassion.app */ = {isa = PBXFileReference; explicitFileType = wrapper.application; includeInIndex = 0; path = Compassion.app; sourceTree = BUILT_PRODUCTS_DIR; };
		213827DA19C10E4500729E02 /* Foundation.framework */ = {isa = PBXFileReference; lastKnownFileType = wrapper.framework; name = Foundation.framework; path = System/Library/Frameworks/Foundation.framework; sourceTree = SDKROOT; };
		213827DC19C10E4500729E02 /* CoreGraphics.framework */ = {isa = PBXFileReference; lastKnownFileType = wrapper.framework; name = CoreGraphics.framework; path = System/Library/Frameworks/CoreGraphics.framework; sourceTree = SDKROOT; };
		213827DE19C10E4500729E02 /* UIKit.framework */ = {isa = PBXFileReference; lastKnownFileType = wrapper.framework; name = UIKit.framework; path = System/Library/Frameworks/UIKit.framework; sourceTree = SDKROOT; };
		213827E219C10E4500729E02 /* Compassion-Info.plist */ = {isa = PBXFileReference; lastKnownFileType = text.plist.xml; path = "Compassion-Info.plist"; sourceTree = "<group>"; };
		213827E419C10E4500729E02 /* en */ = {isa = PBXFileReference; lastKnownFileType = text.plist.strings; name = en; path = en.lproj/InfoPlist.strings; sourceTree = "<group>"; };
		213827E619C10E4500729E02 /* main.m */ = {isa = PBXFileReference; lastKnownFileType = sourcecode.c.objc; path = main.m; sourceTree = "<group>"; };
		213827E819C10E4500729E02 /* Compassion-Prefix.pch */ = {isa = PBXFileReference; lastKnownFileType = sourcecode.c.h; path = "Compassion-Prefix.pch"; sourceTree = "<group>"; };
		213827E919C10E4500729E02 /* AppDelegate.h */ = {isa = PBXFileReference; lastKnownFileType = sourcecode.c.h; path = AppDelegate.h; sourceTree = "<group>"; };
		213827EA19C10E4500729E02 /* AppDelegate.m */ = {isa = PBXFileReference; lastKnownFileType = sourcecode.c.objc; path = AppDelegate.m; sourceTree = "<group>"; };
		213827EC19C10E4500729E02 /* Images.xcassets */ = {isa = PBXFileReference; lastKnownFileType = folder.assetcatalog; path = Images.xcassets; sourceTree = "<group>"; };
		213827F219C10E4600729E02 /* CompassionTests.xctest */ = {isa = PBXFileReference; explicitFileType = wrapper.cfbundle; includeInIndex = 0; path = CompassionTests.xctest; sourceTree = BUILT_PRODUCTS_DIR; };
		213827F319C10E4600729E02 /* XCTest.framework */ = {isa = PBXFileReference; lastKnownFileType = wrapper.framework; name = XCTest.framework; path = Library/Frameworks/XCTest.framework; sourceTree = DEVELOPER_DIR; };
		213827FB19C10E4600729E02 /* CompassionTests-Info.plist */ = {isa = PBXFileReference; lastKnownFileType = text.plist.xml; path = "CompassionTests-Info.plist"; sourceTree = "<group>"; };
		213827FD19C10E4600729E02 /* en */ = {isa = PBXFileReference; lastKnownFileType = text.plist.strings; name = en; path = en.lproj/InfoPlist.strings; sourceTree = "<group>"; };
		213827FF19C10E4600729E02 /* CompassionTests.m */ = {isa = PBXFileReference; lastKnownFileType = sourcecode.c.objc; path = CompassionTests.m; sourceTree = "<group>"; };
/* End PBXFileReference section */

/* Begin PBXFrameworksBuildPhase section */
		213827D419C10E4500729E02 /* Frameworks */ = {
			isa = PBXFrameworksBuildPhase;
			buildActionMask = 2147483647;
			files = (
				213827DD19C10E4500729E02 /* CoreGraphics.framework in Frameworks */,
				213827DF19C10E4500729E02 /* UIKit.framework in Frameworks */,
				213827DB19C10E4500729E02 /* Foundation.framework in Frameworks */,
			);
			runOnlyForDeploymentPostprocessing = 0;
		};
		213827EF19C10E4600729E02 /* Frameworks */ = {
			isa = PBXFrameworksBuildPhase;
			buildActionMask = 2147483647;
			files = (
				213827F419C10E4600729E02 /* XCTest.framework in Frameworks */,
				213827F619C10E4600729E02 /* UIKit.framework in Frameworks */,
				213827F519C10E4600729E02 /* Foundation.framework in Frameworks */,
			);
			runOnlyForDeploymentPostprocessing = 0;
		};
/* End PBXFrameworksBuildPhase section */

/* Begin PBXGroup section */
		213827CE19C10E4500729E02 = {
			isa = PBXGroup;
			children = (
				213827E019C10E4500729E02 /* Compassion */,
				213827F919C10E4600729E02 /* CompassionTests */,
				213827D919C10E4500729E02 /* Frameworks */,
				213827D819C10E4500729E02 /* Products */,
			);
			sourceTree = "<group>";
		};
		213827D819C10E4500729E02 /* Products */ = {
			isa = PBXGroup;
			children = (
				213827D719C10E4500729E02 /* Compassion.app */,
				213827F219C10E4600729E02 /* CompassionTests.xctest */,
			);
			name = Products;
			sourceTree = "<group>";
		};
		213827D919C10E4500729E02 /* Frameworks */ = {
			isa = PBXGroup;
			children = (
				213827DA19C10E4500729E02 /* Foundation.framework */,
				213827DC19C10E4500729E02 /* CoreGraphics.framework */,
				213827DE19C10E4500729E02 /* UIKit.framework */,
				213827F319C10E4600729E02 /* XCTest.framework */,
			);
			name = Frameworks;
			sourceTree = "<group>";
		};
		213827E019C10E4500729E02 /* Compassion */ = {
			isa = PBXGroup;
			children = (
				213827E919C10E4500729E02 /* AppDelegate.h */,
				213827EA19C10E4500729E02 /* AppDelegate.m */,
				213827EC19C10E4500729E02 /* Images.xcassets */,
				213827E119C10E4500729E02 /* Supporting Files */,
			);
			path = Compassion;
			sourceTree = "<group>";
		};
		213827E119C10E4500729E02 /* Supporting Files */ = {
			isa = PBXGroup;
			children = (
				213827E219C10E4500729E02 /* Compassion-Info.plist */,
				213827E319C10E4500729E02 /* InfoPlist.strings */,
				213827E619C10E4500729E02 /* main.m */,
				213827E819C10E4500729E02 /* Compassion-Prefix.pch */,
			);
			name = "Supporting Files";
			sourceTree = "<group>";
		};
		213827F919C10E4600729E02 /* CompassionTests */ = {
			isa = PBXGroup;
			children = (
				213827FF19C10E4600729E02 /* CompassionTests.m */,
				213827FA19C10E4600729E02 /* Supporting Files */,
			);
			path = CompassionTests;
			sourceTree = "<group>";
		};
		213827FA19C10E4600729E02 /* Supporting Files */ = {
			isa = PBXGroup;
			children = (
				213827FB19C10E4600729E02 /* CompassionTests-Info.plist */,
				213827FC19C10E4600729E02 /* InfoPlist.strings */,
			);
			name = "Supporting Files";
			sourceTree = "<group>";
		};
/* End PBXGroup section */

/* Begin PBXNativeTarget section */
		213827D619C10E4500729E02 /* Compassion */ = {
			isa = PBXNativeTarget;
			buildConfigurationList = 2138280319C10E4600729E02 /* Build configuration list for PBXNativeTarget "Compassion" */;
			buildPhases = (
				213827D319C10E4500729E02 /* Sources */,
				213827D419C10E4500729E02 /* Frameworks */,
				213827D519C10E4500729E02 /* Resources */,
			);
			buildRules = (
			);
			dependencies = (
			);
			name = Compassion;
			productName = Compassion;
			productReference = 213827D719C10E4500729E02 /* Compassion.app */;
			productType = "com.apple.product-type.application";
		};
		213827F119C10E4600729E02 /* CompassionTests */ = {
			isa = PBXNativeTarget;
			buildConfigurationList = 2138280619C10E4600729E02 /* Build configuration list for PBXNativeTarget "CompassionTests" */;
			buildPhases = (
				213827EE19C10E4600729E02 /* Sources */,
				213827EF19C10E4600729E02 /* Frameworks */,
				213827F019C10E4600729E02 /* Resources */,
			);
			buildRules = (
			);
			dependencies = (
				213827F819C10E4600729E02 /* PBXTargetDependency */,
			);
			name = CompassionTests;
			productName = CompassionTests;
			productReference = 213827F219C10E4600729E02 /* CompassionTests.xctest */;
			productType = "com.apple.product-type.bundle.unit-test";
		};
/* End PBXNativeTarget section */

/* Begin PBXProject section */
		213827CF19C10E4500729E02 /* Project object */ = {
			isa = PBXProject;
			attributes = {
				LastUpgradeCheck = 0510;
				ORGANIZATIONNAME = "Clive Mudanda";
				TargetAttributes = {
					213827F119C10E4600729E02 = {
						TestTargetID = 213827D619C10E4500729E02;
					};
				};
			};
			buildConfigurationList = 213827D219C10E4500729E02 /* Build configuration list for PBXProject "Compassion" */;
			compatibilityVersion = "Xcode 3.2";
			developmentRegion = English;
			hasScannedForEncodings = 0;
			knownRegions = (
				en,
			);
			mainGroup = 213827CE19C10E4500729E02;
			productRefGroup = 213827D819C10E4500729E02 /* Products */;
			projectDirPath = "";
			projectRoot = "";
			targets = (
				213827D619C10E4500729E02 /* Compassion */,
				213827F119C10E4600729E02 /* CompassionTests */,
			);
		};
/* End PBXProject section */

/* Begin PBXResourcesBuildPhase section */
		213827D519C10E4500729E02 /* Resources */ = {
			isa = PBXResourcesBuildPhase;
			buildActionMask = 2147483647;
			files = (
				213827E519C10E4500729E02 /* InfoPlist.strings in Resources */,
				213827ED19C10E4500729E02 /* Images.xcassets in Resources */,
			);
			runOnlyForDeploymentPostprocessing = 0;
		};
		213827F019C10E4600729E02 /* Resources */ = {
			isa = PBXResourcesBuildPhase;
			buildActionMask = 2147483647;
			files = (
				213827FE19C10E4600729E02 /* InfoPlist.strings in Resources */,
			);
			runOnlyForDeploymentPostprocessing = 0;
		};
/* End PBXResourcesBuildPhase section */

/* Begin PBXSourcesBuildPhase section */
		213827D319C10E4500729E02 /* Sources */ = {
			isa = PBXSourcesBuildPhase;
			buildActionMask = 2147483647;
			files = (
				213827EB19C10E4500729E02 /* AppDelegate.m in Sources */,
				213827E719C10E4500729E02 /* main.m in Sources */,
			);
			runOnlyForDeploymentPostprocessing = 0;
		};
		213827EE19C10E4600729E02 /* Sources */ = {
			isa = PBXSourcesBuildPhase;
			buildActionMask = 2147483647;
			files = (
				2138280019C10E4600729E02 /* CompassionTests.m in Sources */,
			);
			runOnlyForDeploymentPostprocessing = 0;
		};
/* End PBXSourcesBuildPhase section */

/* Begin PBXTargetDependency section */
		213827F819C10E4600729E02 /* PBXTargetDependency */ = {
			isa = PBXTargetDependency;
			target = 213827D619C10E4500729E02 /* Compassion */;
			targetProxy = 213827F719C10E4600729E02 /* PBXContainerItemProxy */;
		};
/* End PBXTargetDependency section */

/* Begin PBXVariantGroup section */
		213827E319C10E4500729E02 /* InfoPlist.strings */ = {
			isa = PBXVariantGroup;
			children = (
				213827E419C10E4500729E02 /* en */,
			);
			name = InfoPlist.strings;
			sourceTree = "<group>";
		};
		213827FC19C10E4600729E02 /* InfoPlist.strings */ = {
			isa = PBXVariantGroup;
			children = (
				213827FD19C10E4600729E02 /* en */,
			);
			name = InfoPlist.strings;
			sourceTree = "<group>";
		};
/* End PBXVariantGroup section */

/* Begin XCBuildConfiguration section */
		2138280119C10E4600729E02 /* Debug */ = {
			isa = XCBuildConfiguration;
			buildSettings = {
				ALWAYS_SEARCH_USER_PATHS = NO;
				CLANG_CXX_LANGUAGE_STANDARD = "gnu++0x";
				CLANG_CXX_LIBRARY = "libc++";
				CLANG_ENABLE_MODULES = YES;
				CLANG_ENABLE_OBJC_ARC = YES;
				CLANG_WARN_BOOL_CONVERSION = YES;
				CLANG_WARN_CONSTANT_CONVERSION = YES;
				CLANG_WARN_DIRECT_OBJC_ISA_USAGE = YES_ERROR;
				CLANG_WARN_EMPTY_BODY = YES;
				CLANG_WARN_ENUM_CONVERSION = YES;
				CLANG_WARN_INT_CONVERSION = YES;
				CLANG_WARN_OBJC_ROOT_CLASS = YES_ERROR;
				CLANG_WARN__DUPLICATE_METHOD_MATCH = YES;
				"CODE_SIGN_IDENTITY[sdk=iphoneos*]" = "iPhone Developer";
				COPY_PHASE_STRIP = NO;
				GCC_C_LANGUAGE_STANDARD = gnu99;
				GCC_DYNAMIC_NO_PIC = NO;
				GCC_OPTIMIZATION_LEVEL = 0;
				GCC_PREPROCESSOR_DEFINITIONS = (
					"DEBUG=1",
					"$(inherited)",
				);
				GCC_SYMBOLS_PRIVATE_EXTERN = NO;
				GCC_WARN_64_TO_32_BIT_CONVERSION = YES;
				GCC_WARN_ABOUT_RETURN_TYPE = YES_ERROR;
				GCC_WARN_UNDECLARED_SELECTOR = YES;
				GCC_WARN_UNINITIALIZED_AUTOS = YES_AGGRESSIVE;
				GCC_WARN_UNUSED_FUNCTION = YES;
				GCC_WARN_UNUSED_VARIABLE = YES;
				IPHONEOS_DEPLOYMENT_TARGET = 7.1;
				ONLY_ACTIVE_ARCH = YES;
				SDKROOT = iphoneos;
				TARGETED_DEVICE_FAMILY = "1,2";
			};
			name = Debug;
		};
		2138280219C10E4600729E02 /* Release */ = {
			isa = XCBuildConfiguration;
			buildSettings = {
				ALWAYS_SEARCH_USER_PATHS = NO;
				CLANG_CXX_LANGUAGE_STANDARD = "gnu++0x";
				CLANG_CXX_LIBRARY = "libc++";
				CLANG_ENABLE_MODULES = YES;
				CLANG_ENABLE_OBJC_ARC = YES;
				CLANG_WARN_BOOL_CONVERSION = YES;
				CLANG_WARN_CONSTANT_CONVERSION = YES;
				CLANG_WARN_DIRECT_OBJC_ISA_USAGE = YES_ERROR;
				CLANG_WARN_EMPTY_BODY = YES;
				CLANG_WARN_ENUM_CONVERSION = YES;
				CLANG_WARN_INT_CONVERSION = YES;
				CLANG_WARN_OBJC_ROOT_CLASS = YES_ERROR;
				CLANG_WARN__DUPLICATE_METHOD_MATCH = YES;
				"CODE_SIGN_IDENTITY[sdk=iphoneos*]" = "iPhone Developer";
				COPY_PHASE_STRIP = YES;
				ENABLE_NS_ASSERTIONS = NO;
				GCC_C_LANGUAGE_STANDARD = gnu99;
				GCC_WARN_64_TO_32_BIT_CONVERSION = YES;
				GCC_WARN_ABOUT_RETURN_TYPE = YES_ERROR;
				GCC_WARN_UNDECLARED_SELECTOR = YES;
				GCC_WARN_UNINITIALIZED_AUTOS = YES_AGGRESSIVE;
				GCC_WARN_UNUSED_FUNCTION = YES;
				GCC_WARN_UNUSED_VARIABLE = YES;
				IPHONEOS_DEPLOYMENT_TARGET = 7.1;
				SDKROOT = iphoneos;
				TARGETED_DEVICE_FAMILY = "1,2";
				VALIDATE_PRODUCT = YES;
			};
			name = Release;
		};
		2138280419C10E4600729E02 /* Debug */ = {
			isa = XCBuildConfiguration;
			buildSettings = {
				ASSETCATALOG_COMPILER_APPICON_NAME = AppIcon;
				ASSETCATALOG_COMPILER_LAUNCHIMAGE_NAME = LaunchImage;
				GCC_PRECOMPILE_PREFIX_HEADER = YES;
				GCC_PREFIX_HEADER = "Compassion/Compassion-Prefix.pch";
				INFOPLIST_FILE = "Compassion/Compassion-Info.plist";
				PRODUCT_NAME = "$(TARGET_NAME)";
				WRAPPER_EXTENSION = app;
			};
			name = Debug;
		};
		2138280519C10E4600729E02 /* Release */ = {
			isa = XCBuildConfiguration;
			buildSettings = {
				ASSETCATALOG_COMPILER_APPICON_NAME = AppIcon;
				ASSETCATALOG_COMPILER_LAUNCHIMAGE_NAME = LaunchImage;
				GCC_PRECOMPILE_PREFIX_HEADER = YES;
				GCC_PREFIX_HEADER = "Compassion/Compassion-Prefix.pch";
				INFOPLIST_FILE = "Compassion/Compassion-Info.plist";
				PRODUCT_NAME = "$(TARGET_NAME)";
				WRAPPER_EXTENSION = app;
			};
			name = Release;
		};
		2138280719C10E4600729E02 /* Debug */ = {
			isa = XCBuildConfiguration;
			buildSettings = {
				BUNDLE_LOADER = "$(BUILT_PRODUCTS_DIR)/Compassion.app/Compassion";
				FRAMEWORK_SEARCH_PATHS = (
					"$(SDKROOT)/Developer/Library/Frameworks",
					"$(inherited)",
					"$(DEVELOPER_FRAMEWORKS_DIR)",
				);
				GCC_PRECOMPILE_PREFIX_HEADER = YES;
				GCC_PREFIX_HEADER = "Compassion/Compassion-Prefix.pch";
				GCC_PREPROCESSOR_DEFINITIONS = (
					"DEBUG=1",
					"$(inherited)",
				);
				INFOPLIST_FILE = "CompassionTests/CompassionTests-Info.plist";
				PRODUCT_NAME = "$(TARGET_NAME)";
				TEST_HOST = "$(BUNDLE_LOADER)";
				WRAPPER_EXTENSION = xctest;
			};
			name = Debug;
		};
		2138280819C10E4600729E02 /* Release */ = {
			isa = XCBuildConfiguration;
			buildSettings = {
				BUNDLE_LOADER = "$(BUILT_PRODUCTS_DIR)/Compassion.app/Compassion";
				FRAMEWORK_SEARCH_PATHS = (
					"$(SDKROOT)/Developer/Library/Frameworks",
					"$(inherited)",
					"$(DEVELOPER_FRAMEWORKS_DIR)",
				);
				GCC_PRECOMPILE_PREFIX_HEADER = YES;
				GCC_PREFIX_HEADER = "Compassion/Compassion-Prefix.pch";
				INFOPLIST_FILE = "CompassionTests/CompassionTests-Info.plist";
				PRODUCT_NAME = "$(TARGET_NAME)";
				TEST_HOST = "$(BUNDLE_LOADER)";
				WRAPPER_EXTENSION = xctest;
			};
			name = Release;
		};
/* End XCBuildConfiguration section */

/* Begin XCConfigurationList section */
		213827D219C10E4500729E02 /* Build configuration list for PBXProject "Compassion" */ = {
			isa = XCConfigurationList;
			buildConfigurations = (
				2138280119C10E4600729E02 /* Debug */,
				2138280219C10E4600729E02 /* Release */,
			);
			defaultConfigurationIsVisible = 0;
			defaultConfigurationName = Release;
		};
		2138280319C10E4600729E02 /* Build configuration list for PBXNativeTarget "Compassion" */ = {
			isa = XCConfigurationList;
			buildConfigurations = (
				2138280419C10E4600729E02 /* Debug */,
				2138280519C10E4600729E02 /* Release */,
			);
			defaultConfigurationIsVisible = 0;
		};
		2138280619C10E4600729E02 /* Build configuration list for PBXNativeTarget "CompassionTests" */ = {
			isa = XCConfigurationList;
			buildConfigurations = (
				2138280719C10E4600729E02 /* Debug */,
				2138280819C10E4600729E02 /* Release */,
			);
			defaultConfigurationIsVisible = 0;
		};
/* End XCConfigurationList section */
	};
	rootObject = 213827CF19C10E4500729E02 /* Project object */;
}
